
Microsoft Visual Studio Solution File, Format Version 12.00
# Visual Studio 15
VisualStudioVersion = 15.0.27004.2006
MinimumVisualStudioVersion = 10.0.40219.1
Project("{9A19103F-16F7-4668-BE54-9A1E7A4F7556}") = "DependencyInjection", "DependencyInjection\DependencyInjection.csproj", "{B6C01524-9F4A-4E19-A69A-420A7B6C3FBB}"
EndProject
Project("{FAE04EC0-301F-11D3-BF4B-00C04F79EFBC}") = "DependencyInjection.Tests", "DependencyInjection.Tests\DependencyInjection.Tests.csproj", "{F7CE8FA7-52BF-4AED-AD81-3A36FD02A5DA}"
EndProject
Global
	GlobalSection(SolutionConfigurationPlatforms) = preSolution
		Debug|Any CPU = Debug|Any CPU
		Release|Any CPU = Release|Any CPU
	EndGlobalSection
	GlobalSection(ProjectConfigurationPlatforms) = postSolution
		{B6C01524-9F4A-4E19-A69A-420A7B6C3FBB}.Debug|Any CPU.ActiveCfg = Debug|Any CPU
		{B6C01524-9F4A-4E19-A69A-420A7B6C3FBB}.Debug|Any CPU.Build.0 = Debug|Any CPU
		{B6C01524-9F4A-4E19-A69A-420A7B6C3FBB}.Release|Any CPU.ActiveCfg = Release|Any CPU
		{B6C01524-9F4A-4E19-A69A-420A7B6C3FBB}.Release|Any CPU.Build.0 = Release|Any CPU
		{F7CE8FA7-52BF-4AED-AD81-3A36FD02A5DA}.Debug|Any CPU.ActiveCfg = Debug|Any CPU
		{F7CE8FA7-52BF-4AED-AD81-3A36FD02A5DA}.Debug|Any CPU.Build.0 = Debug|Any CPU
		{F7CE8FA7-52BF-4AED-AD81-3A36FD02A5DA}.Release|Any CPU.ActiveCfg = Release|Any CPU
		{F7CE8FA7-52BF-4AED-AD81-3A36FD02A5DA}.Release|Any CPU.Build.0 = Release|Any CPU
	EndGlobalSection
	GlobalSection(SolutionProperties) = preSolution
		HideSolutionNode = FALSE
	EndGlobalSection
	GlobalSection(ExtensibilityGlobals) = postSolution
		SolutionGuid = {06839AAA-BFF3-4E00-9D7D-BD61E158DD3C}
	EndGlobalSection
EndGlobal
